
Microsoft Visual Studio Solution File, Format Version 12.00
# Visual Studio Version 17
VisualStudioVersion = 17.9.34714.143
MinimumVisualStudioVersion = 10.0.40219.1
Project("{FAE04EC0-301F-11D3-BF4B-00C04F79EFBC}") = "Polyclinic", "Polyclinic\Polyclinic.csproj", "{7EE282AB-B519-4615-9504-BDFF0BE83247}"
EndProject
Global
	GlobalSection(SolutionConfigurationPlatforms) = preSolution
		Debug|Any CPU = Debug|Any CPU
		Release|Any CPU = Release|Any CPU
	EndGlobalSection
	GlobalSection(ProjectConfigurationPlatforms) = postSolution
		{7EE282AB-B519-4615-9504-BDFF0BE83247}.Debug|Any CPU.ActiveCfg = Debug|Any CPU
		{7EE282AB-B519-4615-9504-BDFF0BE83247}.Debug|Any CPU.Build.0 = Debug|Any CPU
		{7EE282AB-B519-4615-9504-BDFF0BE83247}.Release|Any CPU.ActiveCfg = Release|Any CPU
		{7EE282AB-B519-4615-9504-BDFF0BE83247}.Release|Any CPU.Build.0 = Release|Any CPU
	EndGlobalSection
	GlobalSection(SolutionProperties) = preSolution
		HideSolutionNode = FALSE
	EndGlobalSection
	GlobalSection(ExtensibilityGlobals) = postSolution
		SolutionGuid = {DB26081B-AC5A-4E4B-87F7-2A7C944ACB81}
	EndGlobalSection
EndGlobal
